// !$*UTF8*$!
{
	archiveVersion = 1;
	classes = {
	};
	objectVersion = 46;
	objects = {

/* Begin PBXBuildFile section */
		78A13C7E1CB59A670034001D /* AppDelegate.swift in Sources */ = {isa = PBXBuildFile; fileRef = 78A13C7D1CB59A670034001D /* AppDelegate.swift */; };
		78A13C801CB59A670034001D /* ViewController.swift in Sources */ = {isa = PBXBuildFile; fileRef = 78A13C7F1CB59A670034001D /* ViewController.swift */; };
		78A13C831CB59A670034001D /* Main.storyboard in Resources */ = {isa = PBXBuildFile; fileRef = 78A13C811CB59A670034001D /* Main.storyboard */; };
		78A13C861CB59A670034001D /* FirstTimeLaunchView.xcdatamodeld in Sources */ = {isa = PBXBuildFile; fileRef = 78A13C841CB59A670034001D /* FirstTimeLaunchView.xcdatamodeld */; };
		78A13C881CB59A670034001D /* Assets.xcassets in Resources */ = {isa = PBXBuildFile; fileRef = 78A13C871CB59A670034001D /* Assets.xcassets */; };
		78A13C8B1CB59A670034001D /* LaunchScreen.storyboard in Resources */ = {isa = PBXBuildFile; fileRef = 78A13C891CB59A670034001D /* LaunchScreen.storyboard */; };
		78A13C931CB6DA1F0034001D /* TutorialView.swift in Sources */ = {isa = PBXBuildFile; fileRef = 78A13C921CB6DA1F0034001D /* TutorialView.swift */; };
/* End PBXBuildFile section */

/* Begin PBXFileReference section */
		78A13C7A1CB59A670034001D /* FirstTimeLaunchView.app */ = {isa = PBXFileReference; explicitFileType = wrapper.application; includeInIndex = 0; path = FirstTimeLaunchView.app; sourceTree = BUILT_PRODUCTS_DIR; };
		78A13C7D1CB59A670034001D /* AppDelegate.swift */ = {isa = PBXFileReference; lastKnownFileType = sourcecode.swift; path = AppDelegate.swift; sourceTree = "<group>"; };
		78A13C7F1CB59A670034001D /* ViewController.swift */ = {isa = PBXFileReference; lastKnownFileType = sourcecode.swift; path = ViewController.swift; sourceTree = "<group>"; };
		78A13C821CB59A670034001D /* Base */ = {isa = PBXFileReference; lastKnownFileType = file.storyboard; name = Base; path = Base.lproj/Main.storyboard; sourceTree = "<group>"; };
		78A13C851CB59A670034001D /* FirstTimeLaunchView.xcdatamodel */ = {isa = PBXFileReference; lastKnownFileType = wrapper.xcdatamodel; path = FirstTimeLaunchView.xcdatamodel; sourceTree = "<group>"; };
		78A13C871CB59A670034001D /* Assets.xcassets */ = {isa = PBXFileReference; lastKnownFileType = folder.assetcatalog; path = Assets.xcassets; sourceTree = "<group>"; };
		78A13C8A1CB59A670034001D /* Base */ = {isa = PBXFileReference; lastKnownFileType = file.storyboard; name = Base; path = Base.lproj/LaunchScreen.storyboard; sourceTree = "<group>"; };
		78A13C8C1CB59A670034001D /* Info.plist */ = {isa = PBXFileReference; lastKnownFileType = text.plist.xml; path = Info.plist; sourceTree = "<group>"; };
		78A13C921CB6DA1F0034001D /* TutorialView.swift */ = {isa = PBXFileReference; fileEncoding = 4; lastKnownFileType = sourcecode.swift; path = TutorialView.swift; sourceTree = "<group>"; };
/* End PBXFileReference section */

/* Begin PBXFrameworksBuildPhase section */
		78A13C771CB59A670034001D /* Frameworks */ = {
			isa = PBXFrameworksBuildPhase;
			buildActionMask = 2147483647;
			files = (
			);
			runOnlyForDeploymentPostprocessing = 0;
		};
/* End PBXFrameworksBuildPhase section */

/* Begin PBXGroup section */
		78A13C711CB59A670034001D = {
			isa = PBXGroup;
			children = (
				78A13C7C1CB59A670034001D /* FirstTimeLaunchView */,
				78A13C7B1CB59A670034001D /* Products */,
			);
			sourceTree = "<group>";
		};
		78A13C7B1CB59A670034001D /* Products */ = {
			isa = PBXGroup;
			children = (
				78A13C7A1CB59A670034001D /* FirstTimeLaunchView.app */,
			);
			name = Products;
			sourceTree = "<group>";
		};
		78A13C7C1CB59A670034001D /* FirstTimeLaunchView */ = {
			isa = PBXGroup;
			children = (
				78A13C7D1CB59A670034001D /* AppDelegate.swift */,
				78A13C7F1CB59A670034001D /* ViewController.swift */,
				78A13C811CB59A670034001D /* Main.storyboard */,
				78A13C871CB59A670034001D /* Assets.xcassets */,
				78A13C891CB59A670034001D /* LaunchScreen.storyboard */,
				78A13C8C1CB59A670034001D /* Info.plist */,
				78A13C841CB59A670034001D /* FirstTimeLaunchView.xcdatamodeld */,
				78A13C921CB6DA1F0034001D /* TutorialView.swift */,
			);
			path = FirstTimeLaunchView;
			sourceTree = "<group>";
		};
/* End PBXGroup section */

/* Begin PBXNativeTarget section */
		78A13C791CB59A670034001D /* FirstTimeLaunchView */ = {
			isa = PBXNativeTarget;
			buildConfigurationList = 78A13C8F1CB59A670034001D /* Build configuration list for PBXNativeTarget "FirstTimeLaunchView" */;
			buildPhases = (
				78A13C761CB59A670034001D /* Sources */,
				78A13C771CB59A670034001D /* Frameworks */,
				78A13C781CB59A670034001D /* Resources */,
			);
			buildRules = (
			);
			dependencies = (
			);
			name = FirstTimeLaunchView;
			productName = FirstTimeLaunchView;
			productReference = 78A13C7A1CB59A670034001D /* FirstTimeLaunchView.app */;
			productType = "com.apple.product-type.application";
		};
/* End PBXNativeTarget section */

/* Begin PBXProject section */
		78A13C721CB59A670034001D /* Project object */ = {
			isa = PBXProject;
			attributes = {
				LastSwiftUpdateCheck = 0720;
				LastUpgradeCheck = 0720;
				ORGANIZATIONNAME = "Lauren Hibbs";
				TargetAttributes = {
					78A13C791CB59A670034001D = {
						CreatedOnToolsVersion = 7.2;
						DevelopmentTeam = 6Q846J26TK;
					};
				};
			};
			buildConfigurationList = 78A13C751CB59A670034001D /* Build configuration list for PBXProject "FirstTimeLaunchView" */;
			compatibilityVersion = "Xcode 3.2";
			developmentRegion = English;
			hasScannedForEncodings = 0;
			knownRegions = (
				en,
				Base,
			);
			mainGroup = 78A13C711CB59A670034001D;
			productRefGroup = 78A13C7B1CB59A670034001D /* Products */;
			projectDirPath = "";
			projectRoot = "";
			targets = (
				78A13C791CB59A670034001D /* FirstTimeLaunchView */,
			);
		};
/* End PBXProject section */

/* Begin PBXResourcesBuildPhase section */
		78A13C781CB59A670034001D /* Resources */ = {
			isa = PBXResourcesBuildPhase;
			buildActionMask = 2147483647;
			files = (
				78A13C8B1CB59A670034001D /* LaunchScreen.storyboard in Resources */,
				78A13C881CB59A670034001D /* Assets.xcassets in Resources */,
				78A13C831CB59A670034001D /* Main.storyboard in Resources */,
			);
			runOnlyForDeploymentPostprocessing = 0;
		};
/* End PBXResourcesBuildPhase section */

/* Begin PBXSourcesBuildPhase section */
		78A13C761CB59A670034001D /* Sources */ = {
			isa = PBXSourcesBuildPhase;
			buildActionMask = 2147483647;
			files = (
				78A13C931CB6DA1F0034001D /* TutorialView.swift in Sources */,
				78A13C801CB59A670034001D /* ViewController.swift in Sources */,
				78A13C861CB59A670034001D /* FirstTimeLaunchView.xcdatamodeld in Sources */,
				78A13C7E1CB59A670034001D /* AppDelegate.swift in Sources */,
			);
			runOnlyForDeploymentPostprocessing = 0;
		};
/* End PBXSourcesBuildPhase section */

/* Begin PBXVariantGroup section */
		78A13C811CB59A670034001D /* Main.storyboard */ = {
			isa = PBXVariantGroup;
			children = (
				78A13C821CB59A670034001D /* Base */,
			);
			name = Main.storyboard;
			sourceTree = "<group>";
		};
		78A13C891CB59A670034001D /* LaunchScreen.storyboard */ = {
			isa = PBXVariantGroup;
			children = (
				78A13C8A1CB59A670034001D /* Base */,
			);
			name = LaunchScreen.storyboard;
			sourceTree = "<group>";
		};
/* End PBXVariantGroup section */

/* Begin XCBuildConfiguration section */
		78A13C8D1CB59A670034001D /* Debug */ = {
			isa = XCBuildConfiguration;
			buildSettings = {
				ALWAYS_SEARCH_USER_PATHS = NO;
				CLANG_CXX_LANGUAGE_STANDARD = "gnu++0x";
				CLANG_CXX_LIBRARY = "libc++";
				CLANG_ENABLE_MODULES = YES;
				CLANG_ENABLE_OBJC_ARC = YES;
				CLANG_WARN_BOOL_CONVERSION = YES;
				CLANG_WARN_CONSTANT_CONVERSION = YES;
				CLANG_WARN_DIRECT_OBJC_ISA_USAGE = YES_ERROR;
				CLANG_WARN_EMPTY_BODY = YES;
				CLANG_WARN_ENUM_CONVERSION = YES;
				CLANG_WARN_INT_CONVERSION = YES;
				CLANG_WARN_OBJC_ROOT_CLASS = YES_ERROR;
				CLANG_WARN_UNREACHABLE_CODE = YES;
				CLANG_WARN__DUPLICATE_METHOD_MATCH = YES;
				"CODE_SIGN_IDENTITY[sdk=iphoneos*]" = "iPhone Developer";
				COPY_PHASE_STRIP = NO;
				DEBUG_INFORMATION_FORMAT = dwarf;
				ENABLE_STRICT_OBJC_MSGSEND = YES;
				ENABLE_TESTABILITY = YES;
				GCC_C_LANGUAGE_STANDARD = gnu99;
				GCC_DYNAMIC_NO_PIC = NO;
				GCC_NO_COMMON_BLOCKS = YES;
				GCC_OPTIMIZATION_LEVEL = 0;
				GCC_PREPROCESSOR_DEFINITIONS = (
					"DEBUG=1",
					"$(inherited)",
				);
				GCC_WARN_64_TO_32_BIT_CONVERSION = YES;
				GCC_WARN_ABOUT_RETURN_TYPE = YES_ERROR;
				GCC_WARN_UNDECLARED_SELECTOR = YES;
				GCC_WARN_UNINITIALIZED_AUTOS = YES_AGGRESSIVE;
				GCC_WARN_UNUSED_FUNCTION = YES;
				GCC_WARN_UNUSED_VARIABLE = YES;
				IPHONEOS_DEPLOYMENT_TARGET = 9.2;
				MTL_ENABLE_DEBUG_INFO = YES;
				ONLY_ACTIVE_ARCH = YES;
				SDKROOT = iphoneos;
				SWIFT_OPTIMIZATION_LEVEL = "-Onone";
			};
			name = Debug;
		};
		78A13C8E1CB59A670034001D /* Release */ = {
			isa = XCBuildConfiguration;
			buildSettings = {
				ALWAYS_SEARCH_USER_PATHS = NO;
				CLANG_CXX_LANGUAGE_STANDARD = "gnu++0x";
				CLANG_CXX_LIBRARY = "libc++";
				CLANG_ENABLE_MODULES = YES;
				CLANG_ENABLE_OBJC_ARC = YES;
				CLANG_WARN_BOOL_CONVERSION = YES;
				CLANG_WARN_CONSTANT_CONVERSION = YES;
				CLANG_WARN_DIRECT_OBJC_ISA_USAGE = YES_ERROR;
				CLANG_WARN_EMPTY_BODY = YES;
				CLANG_WARN_ENUM_CONVERSION = YES;
				CLANG_WARN_INT_CONVERSION = YES;
				CLANG_WARN_OBJC_ROOT_CLASS = YES_ERROR;
				CLANG_WARN_UNREACHABLE_CODE = YES;
				CLANG_WARN__DUPLICATE_METHOD_MATCH = YES;
				"CODE_SIGN_IDENTITY[sdk=iphoneos*]" = "iPhone Developer";
				COPY_PHASE_STRIP = NO;
				DEBUG_INFORMATION_FORMAT = "dwarf-with-dsym";
				ENABLE_NS_ASSERTIONS = NO;
				ENABLE_STRICT_OBJC_MSGSEND = YES;
				GCC_C_LANGUAGE_STANDARD = gnu99;
				GCC_NO_COMMON_BLOCKS = YES;
				GCC_WARN_64_TO_32_BIT_CONVERSION = YES;
				GCC_WARN_ABOUT_RETURN_TYPE = YES_ERROR;
				GCC_WARN_UNDECLARED_SELECTOR = YES;
				GCC_WARN_UNINITIALIZED_AUTOS = YES_AGGRESSIVE;
				GCC_WARN_UNUSED_FUNCTION = YES;
				GCC_WARN_UNUSED_VARIABLE = YES;
				IPHONEOS_DEPLOYMENT_TARGET = 9.2;
				MTL_ENABLE_DEBUG_INFO = NO;
				SDKROOT = iphoneos;
				VALIDATE_PRODUCT = YES;
			};
			name = Release;
		};
		78A13C901CB59A670034001D /* Debug */ = {
			isa = XCBuildConfiguration;
			buildSettings = {
				ASSETCATALOG_COMPILER_APPICON_NAME = AppIcon;
				INFOPLIST_FILE = FirstTimeLaunchView/Info.plist;
				LD_RUNPATH_SEARCH_PATHS = "$(inherited) @executable_path/Frameworks";
				PRODUCT_BUNDLE_IDENTIFIER = com.Lolo.FirstTimeLaunchView;
				PRODUCT_NAME = "$(TARGET_NAME)";
			};
			name = Debug;
		};
		78A13C911CB59A670034001D /* Release */ = {
			isa = XCBuildConfiguration;
			buildSettings = {
				ASSETCATALOG_COMPILER_APPICON_NAME = AppIcon;
				INFOPLIST_FILE = FirstTimeLaunchView/Info.plist;
				LD_RUNPATH_SEARCH_PATHS = "$(inherited) @executable_path/Frameworks";
				PRODUCT_BUNDLE_IDENTIFIER = com.Lolo.FirstTimeLaunchView;
				PRODUCT_NAME = "$(TARGET_NAME)";
			};
			name = Release;
		};
/* End XCBuildConfiguration section */

/* Begin XCConfigurationList section */
		78A13C751CB59A670034001D /* Build configuration list for PBXProject "FirstTimeLaunchView" */ = {
			isa = XCConfigurationList;
			buildConfigurations = (
				78A13C8D1CB59A670034001D /* Debug */,
				78A13C8E1CB59A670034001D /* Release */,
			);
			defaultConfigurationIsVisible = 0;
			defaultConfigurationName = Release;
		};
		78A13C8F1CB59A670034001D /* Build configuration list for PBXNativeTarget "FirstTimeLaunchView" */ = {
			isa = XCConfigurationList;
			buildConfigurations = (
				78A13C901CB59A670034001D /* Debug */,
				78A13C911CB59A670034001D /* Release */,
			);
			defaultConfigurationIsVisible = 0;
			defaultConfigurationName = Release;
		};
/* End XCConfigurationList section */

/* Begin XCVersionGroup section */
		78A13C841CB59A670034001D /* FirstTimeLaunchView.xcdatamodeld */ = {
			isa = XCVersionGroup;
			children = (
				78A13C851CB59A670034001D /* FirstTimeLaunchView.xcdatamodel */,
			);
			currentVersion = 78A13C851CB59A670034001D /* FirstTimeLaunchView.xcdatamodel */;
			path = FirstTimeLaunchView.xcdatamodeld;
			sourceTree = "<group>";
			versionGroupType = wrapper.xcdatamodel;
		};
/* End XCVersionGroup section */
	};
	rootObject = 78A13C721CB59A670034001D /* Project object */;
}
